{
    "_readme": [
        "This file locks the dependencies of your project to a known state",
        "Read more about it at https://getcomposer.org/doc/01-basic-usage.md#installing-dependencies",
        "This file is @generated automatically"
    ],
    "content-hash": "edbf844132579644936aeb88f0cf635b",
    "packages": [
        {
            "name": "obelaw/permissions-helper-module",
            "version": "dev-main",
            "source": {
                "type": "git",
                "url": "https://github.com/obelaw/permissions-helper-module.git",
                "reference": "28da7bf996235c85e55ef697bc1fabb78affb6f0"
            },
            "dist": {
                "type": "zip",
                "url": "https://api.github.com/repos/obelaw/permissions-helper-module/zipball/28da7bf996235c85e55ef697bc1fabb78affb6f0",
                "reference": "28da7bf996235c85e55ef697bc1fabb78affb6f0",
                "shasum": ""
            },
            "default-branch": true,
            "type": "library",
            "autoload": {
                "files": [
                    "obelaw.php"
                ],
                "psr-4": {
                    "Obelaw\\Permissions\\": "src/"
                }
            },
            "notification-url": "https://packagist.org/downloads/",
            "authors": [
                {
                    "name": "Karim Mohamed",
                    "email": "komicho1996@gmail.com"
                }
            ],
            "support": {
                "issues": "https://github.com/obelaw/permissions-helper-module/issues",
                "source": "https://github.com/obelaw/permissions-helper-module/tree/main"
            },
            "time": "2023-11-20T22:25:03+00:00"
        }
    ],
    "packages-dev": [],
    "aliases": [],
    "minimum-stability": "stable",
    "stability-flags": {
        "obelaw/permissions-helper-module": 20
    },
    "prefer-stable": false,
    "prefer-lowest": false,
    "platform": [],
    "platform-dev": [],
    "plugin-api-version": "2.3.0"
}
